
Microsoft Visual Studio Solution File, Format Version 12.00
# Visual Studio Version 16
VisualStudioVersion = 16.0.32228.343
MinimumVisualStudioVersion = 10.0.40219.1
Project("{9A19103F-16F7-4668-BE54-9A1E7A4F7556}") = "A_CharpCourse", "educational app\A_CharpCourse.csproj", "{2E52C8F9-9698-4999-AC6D-DD503FE470B0}"
EndProject
Project("{FAE04EC0-301F-11D3-BF4B-00C04F79EFBC}") = "B_ControlFlow", "B_ControlFlow\B_ControlFlow.csproj", "{EF7976D1-D95D-4EA3-A29D-23F5DCB469D5}"
EndProject
Global
	GlobalSection(SolutionConfigurationPlatforms) = preSolution
		Debug|Any CPU = Debug|Any CPU
		Release|Any CPU = Release|Any CPU
	EndGlobalSection
	GlobalSection(ProjectConfigurationPlatforms) = postSolution
		{2E52C8F9-9698-4999-AC6D-DD503FE470B0}.Debug|Any CPU.ActiveCfg = Debug|Any CPU
		{2E52C8F9-9698-4999-AC6D-DD503FE470B0}.Debug|Any CPU.Build.0 = Debug|Any CPU
		{2E52C8F9-9698-4999-AC6D-DD503FE470B0}.Release|Any CPU.ActiveCfg = Release|Any CPU
		{2E52C8F9-9698-4999-AC6D-DD503FE470B0}.Release|Any CPU.Build.0 = Release|Any CPU
		{EF7976D1-D95D-4EA3-A29D-23F5DCB469D5}.Debug|Any CPU.ActiveCfg = Debug|Any CPU
		{EF7976D1-D95D-4EA3-A29D-23F5DCB469D5}.Debug|Any CPU.Build.0 = Debug|Any CPU
		{EF7976D1-D95D-4EA3-A29D-23F5DCB469D5}.Release|Any CPU.ActiveCfg = Release|Any CPU
		{EF7976D1-D95D-4EA3-A29D-23F5DCB469D5}.Release|Any CPU.Build.0 = Release|Any CPU
	EndGlobalSection
	GlobalSection(SolutionProperties) = preSolution
		HideSolutionNode = FALSE
	EndGlobalSection
	GlobalSection(ExtensibilityGlobals) = postSolution
		SolutionGuid = {416885A7-8407-48B8-83DD-78D174D9398A}
	EndGlobalSection
EndGlobal
